# This file is automatically @generated by Cargo.
# It is not intended for manual editing.
[[package]]
name = "aht"
version = "0.1.0"

[[package]]
name = "boot_args"
version = "0.1.0"
dependencies = [
 "lockcell",
 "page_table",
 "rangeset",
 "serial",
]

[[package]]
name = "core_reqs"
version = "0.1.0"

[[package]]
name = "cpu"
version = "0.1.0"

[[package]]
name = "falktp"
version = "0.1.0"
dependencies = [
 "noodle",
]

[[package]]
name = "kernel"
version = "0.1.0"
dependencies = [
 "aht",
 "boot_args",
 "core_reqs",
 "cpu",
 "falktp",
 "lockcell",
 "noodle",
 "page_table",
 "rangeset",
 "serial",
]

[[package]]
name = "lockcell"
version = "0.1.0"

[[package]]
name = "noodle"
version = "0.1.0"

[[package]]
name = "page_table"
version = "0.1.0"
dependencies = [
 "cpu",
]

[[package]]
name = "rangeset"
version = "0.1.0"

[[package]]
name = "serial"
version = "0.1.0"
dependencies = [
 "cpu",
]
