# This file is automatically @generated by Cargo.
# It is not intended for manual editing.
[[package]]
name = "falktp"
version = "0.1.0"
dependencies = [
 "noodle",
]

[[package]]
name = "mmap_helpers"
version = "0.1.0"

[[package]]
name = "noodle"
version = "0.1.0"

[[package]]
name = "server"
version = "0.1.0"
dependencies = [
 "falktp",
 "mmap_helpers",
 "noodle",
]
