# This file is automatically @generated by Cargo.
# It is not intended for manual editing.
[[package]]
name = "bootloader"
version = "0.1.0"
dependencies = [
 "cpu",
 "lockcell",
 "rangeset",
 "serial",
]

[[package]]
name = "cpu"
version = "0.1.0"

[[package]]
name = "lockcell"
version = "0.1.0"

[[package]]
name = "rangeset"
version = "0.1.0"

[[package]]
name = "serial"
version = "0.1.0"
dependencies = [
 "cpu",
 "lockcell",
]
