# This file is automatically @generated by Cargo.
# It is not intended for manual editing.
[[package]]
name = "boot_args"
version = "0.1.0"
dependencies = [
 "lockcell",
 "rangeset",
 "serial",
]

[[package]]
name = "bootloader"
version = "0.1.0"
dependencies = [
 "boot_args",
 "core_reqs",
 "cpu",
 "lockcell",
 "page_table",
 "pe_parser",
 "rangeset",
 "serial",
]

[[package]]
name = "core_reqs"
version = "0.1.0"

[[package]]
name = "cpu"
version = "0.1.0"

[[package]]
name = "lockcell"
version = "0.1.0"

[[package]]
name = "page_table"
version = "0.1.0"
dependencies = [
 "cpu",
]

[[package]]
name = "pe_parser"
version = "0.1.0"

[[package]]
name = "rangeset"
version = "0.1.0"

[[package]]
name = "serial"
version = "0.1.0"
dependencies = [
 "cpu",
]
